
Microsoft Visual Studio Solution File, Format Version 12.00
# Visual Studio 2012
Project("{FAE04EC0-301F-11D3-BF4B-00C04F79EFBC}") = "ImagingInterface.Views", "ImagingInterface.Views\ImagingInterface.Views.csproj", "{BCADAB9C-63D4-4A71-ADA1-98BE02EA9D33}"
EndProject
Project("{FAE04EC0-301F-11D3-BF4B-00C04F79EFBC}") = "ImagingInterface.Controllers", "ImagingInterface.Controllers\ImagingInterface.Controllers.csproj", "{B8C42917-287B-4B21-AFE9-9A121163ADB2}"
EndProject
Global
	GlobalSection(SolutionConfigurationPlatforms) = preSolution
		Debug|Any CPU = Debug|Any CPU
		Debug|Mixed Platforms = Debug|Mixed Platforms
		Debug|Win32 = Debug|Win32
		Debug|x86 = Debug|x86
		Release|Any CPU = Release|Any CPU
		Release|Mixed Platforms = Release|Mixed Platforms
		Release|Win32 = Release|Win32
		Release|x86 = Release|x86
	EndGlobalSection
	GlobalSection(ProjectConfigurationPlatforms) = postSolution
		{BCADAB9C-63D4-4A71-ADA1-98BE02EA9D33}.Debug|Any CPU.ActiveCfg = Debug|Any CPU
		{BCADAB9C-63D4-4A71-ADA1-98BE02EA9D33}.Debug|Any CPU.Build.0 = Debug|Any CPU
		{BCADAB9C-63D4-4A71-ADA1-98BE02EA9D33}.Debug|Mixed Platforms.ActiveCfg = Debug|Any CPU
		{BCADAB9C-63D4-4A71-ADA1-98BE02EA9D33}.Debug|Mixed Platforms.Build.0 = Debug|Any CPU
		{BCADAB9C-63D4-4A71-ADA1-98BE02EA9D33}.Debug|Win32.ActiveCfg = Debug|Any CPU
		{BCADAB9C-63D4-4A71-ADA1-98BE02EA9D33}.Debug|x86.ActiveCfg = Debug|Any CPU
		{BCADAB9C-63D4-4A71-ADA1-98BE02EA9D33}.Release|Any CPU.ActiveCfg = Release|Any CPU
		{BCADAB9C-63D4-4A71-ADA1-98BE02EA9D33}.Release|Any CPU.Build.0 = Release|Any CPU
		{BCADAB9C-63D4-4A71-ADA1-98BE02EA9D33}.Release|Mixed Platforms.ActiveCfg = Release|Any CPU
		{BCADAB9C-63D4-4A71-ADA1-98BE02EA9D33}.Release|Mixed Platforms.Build.0 = Release|Any CPU
		{BCADAB9C-63D4-4A71-ADA1-98BE02EA9D33}.Release|Win32.ActiveCfg = Release|Any CPU
		{BCADAB9C-63D4-4A71-ADA1-98BE02EA9D33}.Release|x86.ActiveCfg = Release|Any CPU
		{B8C42917-287B-4B21-AFE9-9A121163ADB2}.Debug|Any CPU.ActiveCfg = Debug|Any CPU
		{B8C42917-287B-4B21-AFE9-9A121163ADB2}.Debug|Any CPU.Build.0 = Debug|Any CPU
		{B8C42917-287B-4B21-AFE9-9A121163ADB2}.Debug|Mixed Platforms.ActiveCfg = Debug|Any CPU
		{B8C42917-287B-4B21-AFE9-9A121163ADB2}.Debug|Mixed Platforms.Build.0 = Debug|Any CPU
		{B8C42917-287B-4B21-AFE9-9A121163ADB2}.Debug|Win32.ActiveCfg = Debug|Any CPU
		{B8C42917-287B-4B21-AFE9-9A121163ADB2}.Debug|x86.ActiveCfg = Debug|Any CPU
		{B8C42917-287B-4B21-AFE9-9A121163ADB2}.Release|Any CPU.ActiveCfg = Release|Any CPU
		{B8C42917-287B-4B21-AFE9-9A121163ADB2}.Release|Any CPU.Build.0 = Release|Any CPU
		{B8C42917-287B-4B21-AFE9-9A121163ADB2}.Release|Mixed Platforms.ActiveCfg = Release|Any CPU
		{B8C42917-287B-4B21-AFE9-9A121163ADB2}.Release|Mixed Platforms.Build.0 = Release|Any CPU
		{B8C42917-287B-4B21-AFE9-9A121163ADB2}.Release|Win32.ActiveCfg = Release|Any CPU
		{B8C42917-287B-4B21-AFE9-9A121163ADB2}.Release|x86.ActiveCfg = Release|Any CPU
	EndGlobalSection
	GlobalSection(SolutionProperties) = preSolution
		HideSolutionNode = FALSE
	EndGlobalSection
EndGlobal
