
Microsoft Visual Studio Solution File, Format Version 12.00
# Visual Studio 2013
VisualStudioVersion = 12.0.31101.0
MinimumVisualStudioVersion = 10.0.40219.1
Project("{2150E333-8FDC-42A3-9474-1A3956D46DE8}") = "Tests", "Tests", "{B6881D31-4723-4A19-9E42-142D89526A4E}"
EndProject
Project("{2150E333-8FDC-42A3-9474-1A3956D46DE8}") = "Core", "Core", "{7BD3B155-BB73-40E0-8F9B-1CEED7DEA5FC}"
EndProject
Project("{FAE04EC0-301F-11D3-BF4B-00C04F79EFBC}") = "ImagingInterface", "Core\ImagingInterface\ImagingInterface.csproj", "{57392EDD-8264-4D36-B6E9-F82B6FAC459C}"
	ProjectSection(ProjectDependencies) = postProject
		{9C6C762A-C1BF-4630-BED4-03D4B07790E7} = {9C6C762A-C1BF-4630-BED4-03D4B07790E7}
		{07366931-0E9F-42CA-ADE2-610833B8F7C1} = {07366931-0E9F-42CA-ADE2-610833B8F7C1}
		{5068A231-F949-49BD-8E14-7385F78596C5} = {5068A231-F949-49BD-8E14-7385F78596C5}
		{50A4D14B-8821-4504-8126-544E147F4D5B} = {50A4D14B-8821-4504-8126-544E147F4D5B}
		{46101352-AB52-467D-BB6A-2FE8A1929D21} = {46101352-AB52-467D-BB6A-2FE8A1929D21}
		{6FCD8595-A707-4CC4-96D8-03F30AFD9052} = {6FCD8595-A707-4CC4-96D8-03F30AFD9052}
		{F18DE59E-BBA4-4D41-B0B0-1EE3AD9F3978} = {F18DE59E-BBA4-4D41-B0B0-1EE3AD9F3978}
		{022856E4-7DCC-41A1-93FE-CCED10D1EBA3} = {022856E4-7DCC-41A1-93FE-CCED10D1EBA3}
	EndProjectSection
EndProject
Project("{FAE04EC0-301F-11D3-BF4B-00C04F79EFBC}") = "ImagingInterface.Controllers.Tests", "Core\Tests\ImagingInterface.Controllers.Tests\ImagingInterface.Controllers.Tests.csproj", "{49EEA3A8-50BB-4D47-858B-11C3C83A04F8}"
EndProject
Project("{FAE04EC0-301F-11D3-BF4B-00C04F79EFBC}") = "ImagingInterface.Controllers", "Core\ImagingInterface.Controllers\ImagingInterface.Controllers.csproj", "{B8C42917-287B-4B21-AFE9-9A121163ADB2}"
EndProject
Project("{FAE04EC0-301F-11D3-BF4B-00C04F79EFBC}") = "ImagingInterface.Controllers.Interfaces", "Core\ImagingInterface.Controllers.Interfaces\ImagingInterface.Controllers.Interfaces.csproj", "{FA7DBE95-8BD7-4169-82B2-8884CC31D6D0}"
EndProject
Project("{FAE04EC0-301F-11D3-BF4B-00C04F79EFBC}") = "ImagingInterface.Models", "Core\ImagingInterface.Models\ImagingInterface.Models.csproj", "{46AAC50E-53D2-40B6-A216-E2D0154F3BA2}"
EndProject
Project("{FAE04EC0-301F-11D3-BF4B-00C04F79EFBC}") = "ImagingInterface.Models.Interfaces", "Core\ImagingInterface.Models.Interfaces\ImagingInterface.Models.Interfaces.csproj", "{8BD0F4ED-A5A9-40FD-9343-B41299204193}"
EndProject
Project("{FAE04EC0-301F-11D3-BF4B-00C04F79EFBC}") = "ImagingInterface.Views", "Core\ImagingInterface.Views\ImagingInterface.Views.csproj", "{BCADAB9C-63D4-4A71-ADA1-98BE02EA9D33}"
EndProject
Project("{FAE04EC0-301F-11D3-BF4B-00C04F79EFBC}") = "ImagingInterface.Views.Interfaces", "Core\ImagingInterface.Views.Interfaces\ImagingInterface.Views.Interfaces.csproj", "{7B65E2D3-CC7F-44A7-B569-94B40DC97FF2}"
EndProject
Project("{2150E333-8FDC-42A3-9474-1A3956D46DE8}") = "Tests", "Tests", "{2BFFCEBD-D5ED-4412-96A2-8DC5386C8854}"
EndProject
Project("{2150E333-8FDC-42A3-9474-1A3956D46DE8}") = "Plugins", "Plugins", "{8B469145-3612-44AF-84AE-B6AA6323F78F}"
EndProject
Project("{2150E333-8FDC-42A3-9474-1A3956D46DE8}") = "ImageProcessing", "ImageProcessing", "{80043AE3-B2EB-432A-9F30-DFCAB8418602}"
EndProject
Project("{FAE04EC0-301F-11D3-BF4B-00C04F79EFBC}") = "ImageProcessing.Bootstrapper", "Plugins\ImageProcessing\Bootstrapper\ImageProcessing.Bootstrapper.csproj", "{022856E4-7DCC-41A1-93FE-CCED10D1EBA3}"
	ProjectSection(ProjectDependencies) = postProject
		{DEEE4845-897D-41F4-925D-4720F6F1F986} = {DEEE4845-897D-41F4-925D-4720F6F1F986}
		{34BCE76C-484C-487D-8D6B-D3B475974183} = {34BCE76C-484C-487D-8D6B-D3B475974183}
		{7FA43270-5E4A-4C3E-B366-2476B21087CD} = {7FA43270-5E4A-4C3E-B366-2476B21087CD}
		{0F3237A4-3DA2-40CC-924F-D2431376E3BA} = {0F3237A4-3DA2-40CC-924F-D2431376E3BA}
		{478E62E0-F43B-4CAE-8363-A4AAD1943513} = {478E62E0-F43B-4CAE-8363-A4AAD1943513}
		{E6A8DAFD-32B2-46F9-9750-A95C3DD225C7} = {E6A8DAFD-32B2-46F9-9750-A95C3DD225C7}
	EndProjectSection
EndProject
Project("{FAE04EC0-301F-11D3-BF4B-00C04F79EFBC}") = "ImagingInterface.BootStrapper", "Core\BootStrapper\ImagingInterface.BootStrapper.csproj", "{FC9CA67D-6EA2-46AF-807A-C25B9259065A}"
EndProject
Project("{FAE04EC0-301F-11D3-BF4B-00C04F79EFBC}") = "ImagingInterface.Plugins.Interfaces", "Core\ImagingInterface.Plugins.Interfaces\ImagingInterface.Plugins.Interfaces.csproj", "{FD6C3570-F64D-4A9C-AA12-EB47D4FB2104}"
EndProject
Project("{FAE04EC0-301F-11D3-BF4B-00C04F79EFBC}") = "ImageProcessing.Controllers.Tests", "Plugins\ImageProcessing\Tests\ImageProcessing.Controllers.Tests\ImageProcessing.Controllers.Tests.csproj", "{A81C0259-A979-47F0-9F11-599793689AC6}"
EndProject
Project("{2150E333-8FDC-42A3-9474-1A3956D46DE8}") = "Video", "Video", "{2F0A8319-E2E4-4F62-B824-67FF94D9E242}"
EndProject
Project("{2150E333-8FDC-42A3-9474-1A3956D46DE8}") = "Tests", "Tests", "{1796D826-37BD-4B45-BA28-0292A9B7A8D0}"
EndProject
Project("{FAE04EC0-301F-11D3-BF4B-00C04F79EFBC}") = "Video.Controllers.Tests", "Plugins\Video\Tests\Video.Controllers.Tests\Video.Controllers.Tests.csproj", "{F5F3F305-E18E-4422-B7F1-F71188D058FD}"
EndProject
Project("{FAE04EC0-301F-11D3-BF4B-00C04F79EFBC}") = "Video.Bootstrapper", "Plugins\Video\Bootstrapper\Video.Bootstrapper.csproj", "{50A4D14B-8821-4504-8126-544E147F4D5B}"
EndProject
Project("{FAE04EC0-301F-11D3-BF4B-00C04F79EFBC}") = "Video.Controllers", "Plugins\Video\Controllers\Video.Controllers.csproj", "{46101352-AB52-467D-BB6A-2FE8A1929D21}"
EndProject
Project("{FAE04EC0-301F-11D3-BF4B-00C04F79EFBC}") = "Video.Controllers.Interfaces", "Plugins\Video\Controllers.Interfaces\Video.Controllers.Interfaces.csproj", "{5068A231-F949-49BD-8E14-7385F78596C5}"
EndProject
Project("{FAE04EC0-301F-11D3-BF4B-00C04F79EFBC}") = "Video.Models", "Plugins\Video\Models\Video.Models.csproj", "{9C6C762A-C1BF-4630-BED4-03D4B07790E7}"
EndProject
Project("{FAE04EC0-301F-11D3-BF4B-00C04F79EFBC}") = "Video.Models.Interfaces", "Plugins\Video\Models.Interfaces\Video.Models.Interfaces.csproj", "{07366931-0E9F-42CA-ADE2-610833B8F7C1}"
EndProject
Project("{FAE04EC0-301F-11D3-BF4B-00C04F79EFBC}") = "Video.Views", "Plugins\Video\Views\Video.Views.csproj", "{6FCD8595-A707-4CC4-96D8-03F30AFD9052}"
EndProject
Project("{FAE04EC0-301F-11D3-BF4B-00C04F79EFBC}") = "Video.Views.Interfaces", "Plugins\Video\Views.Interfaces\Video.Views.Interfaces.csproj", "{F18DE59E-BBA4-4D41-B0B0-1EE3AD9F3978}"
EndProject
Project("{FAE04EC0-301F-11D3-BF4B-00C04F79EFBC}") = "ImagingInterface.Tests.Common", "Core\Tests\ImagingInterface.Tests.Common\ImagingInterface.Tests.Common.csproj", "{1692FC94-EC70-44C5-B856-694648BAFA73}"
EndProject
Project("{FAE04EC0-301F-11D3-BF4B-00C04F79EFBC}") = "ImageProcessing.Controllers", "Plugins\ImageProcessing\Controllers\ImageProcessing.Controllers.csproj", "{34BCE76C-484C-487D-8D6B-D3B475974183}"
EndProject
Project("{FAE04EC0-301F-11D3-BF4B-00C04F79EFBC}") = "ImageProcessing.Controllers.Interfaces", "Plugins\ImageProcessing\Controllers.Interfaces\ImageProcessing.Controllers.Interfaces.csproj", "{0F3237A4-3DA2-40CC-924F-D2431376E3BA}"
EndProject
Project("{FAE04EC0-301F-11D3-BF4B-00C04F79EFBC}") = "ImageProcessing.Models", "Plugins\ImageProcessing\Models\ImageProcessing.Models.csproj", "{7FA43270-5E4A-4C3E-B366-2476B21087CD}"
EndProject
Project("{FAE04EC0-301F-11D3-BF4B-00C04F79EFBC}") = "ImageProcessing.Views", "Plugins\ImageProcessing\Views\ImageProcessing.Views.csproj", "{E6A8DAFD-32B2-46F9-9750-A95C3DD225C7}"
EndProject
Project("{FAE04EC0-301F-11D3-BF4B-00C04F79EFBC}") = "ImageProcessing.Views.Interfaces", "Plugins\ImageProcessing\Views.Interfaces\ImageProcessing.Views.Interfaces.csproj", "{DEEE4845-897D-41F4-925D-4720F6F1F986}"
EndProject
Project("{FAE04EC0-301F-11D3-BF4B-00C04F79EFBC}") = "ImageProcessing.Models.Interfaces", "Plugins\ImageProcessing\Models.Interfaces\ImageProcessing.Models.Interfaces.csproj", "{478E62E0-F43B-4CAE-8363-A4AAD1943513}"
EndProject
Project("{FAE04EC0-301F-11D3-BF4B-00C04F79EFBC}") = "ImageProcessing.Cudafied", "Plugins\ImageProcessing\Cudafied\ImageProcessing.Cudafied.csproj", "{4049789E-8C45-4BCA-AC3F-6135787D83D6}"
EndProject
Global
	GlobalSection(SolutionConfigurationPlatforms) = preSolution
		Debug|x86 = Debug|x86
		Release|x86 = Release|x86
	EndGlobalSection
	GlobalSection(ProjectConfigurationPlatforms) = postSolution
		{57392EDD-8264-4D36-B6E9-F82B6FAC459C}.Debug|x86.ActiveCfg = Debug|x86
		{57392EDD-8264-4D36-B6E9-F82B6FAC459C}.Debug|x86.Build.0 = Debug|x86
		{57392EDD-8264-4D36-B6E9-F82B6FAC459C}.Release|x86.ActiveCfg = Release|x86
		{57392EDD-8264-4D36-B6E9-F82B6FAC459C}.Release|x86.Build.0 = Release|x86
		{49EEA3A8-50BB-4D47-858B-11C3C83A04F8}.Debug|x86.ActiveCfg = Debug|x86
		{49EEA3A8-50BB-4D47-858B-11C3C83A04F8}.Debug|x86.Build.0 = Debug|x86
		{49EEA3A8-50BB-4D47-858B-11C3C83A04F8}.Release|x86.ActiveCfg = Release|x86
		{49EEA3A8-50BB-4D47-858B-11C3C83A04F8}.Release|x86.Build.0 = Release|x86
		{B8C42917-287B-4B21-AFE9-9A121163ADB2}.Debug|x86.ActiveCfg = Debug|x86
		{B8C42917-287B-4B21-AFE9-9A121163ADB2}.Debug|x86.Build.0 = Debug|x86
		{B8C42917-287B-4B21-AFE9-9A121163ADB2}.Release|x86.ActiveCfg = Release|x86
		{B8C42917-287B-4B21-AFE9-9A121163ADB2}.Release|x86.Build.0 = Release|x86
		{FA7DBE95-8BD7-4169-82B2-8884CC31D6D0}.Debug|x86.ActiveCfg = Debug|x86
		{FA7DBE95-8BD7-4169-82B2-8884CC31D6D0}.Debug|x86.Build.0 = Debug|x86
		{FA7DBE95-8BD7-4169-82B2-8884CC31D6D0}.Release|x86.ActiveCfg = Release|x86
		{FA7DBE95-8BD7-4169-82B2-8884CC31D6D0}.Release|x86.Build.0 = Release|x86
		{46AAC50E-53D2-40B6-A216-E2D0154F3BA2}.Debug|x86.ActiveCfg = Debug|x86
		{46AAC50E-53D2-40B6-A216-E2D0154F3BA2}.Debug|x86.Build.0 = Debug|x86
		{46AAC50E-53D2-40B6-A216-E2D0154F3BA2}.Release|x86.ActiveCfg = Release|x86
		{46AAC50E-53D2-40B6-A216-E2D0154F3BA2}.Release|x86.Build.0 = Release|x86
		{8BD0F4ED-A5A9-40FD-9343-B41299204193}.Debug|x86.ActiveCfg = Debug|x86
		{8BD0F4ED-A5A9-40FD-9343-B41299204193}.Debug|x86.Build.0 = Debug|x86
		{8BD0F4ED-A5A9-40FD-9343-B41299204193}.Release|x86.ActiveCfg = Release|x86
		{8BD0F4ED-A5A9-40FD-9343-B41299204193}.Release|x86.Build.0 = Release|x86
		{BCADAB9C-63D4-4A71-ADA1-98BE02EA9D33}.Debug|x86.ActiveCfg = Debug|x86
		{BCADAB9C-63D4-4A71-ADA1-98BE02EA9D33}.Debug|x86.Build.0 = Debug|x86
		{BCADAB9C-63D4-4A71-ADA1-98BE02EA9D33}.Release|x86.ActiveCfg = Release|x86
		{BCADAB9C-63D4-4A71-ADA1-98BE02EA9D33}.Release|x86.Build.0 = Release|x86
		{7B65E2D3-CC7F-44A7-B569-94B40DC97FF2}.Debug|x86.ActiveCfg = Debug|x86
		{7B65E2D3-CC7F-44A7-B569-94B40DC97FF2}.Debug|x86.Build.0 = Debug|x86
		{7B65E2D3-CC7F-44A7-B569-94B40DC97FF2}.Release|x86.ActiveCfg = Release|x86
		{7B65E2D3-CC7F-44A7-B569-94B40DC97FF2}.Release|x86.Build.0 = Release|x86
		{022856E4-7DCC-41A1-93FE-CCED10D1EBA3}.Debug|x86.ActiveCfg = Debug|x86
		{022856E4-7DCC-41A1-93FE-CCED10D1EBA3}.Debug|x86.Build.0 = Debug|x86
		{022856E4-7DCC-41A1-93FE-CCED10D1EBA3}.Release|x86.ActiveCfg = Release|x86
		{022856E4-7DCC-41A1-93FE-CCED10D1EBA3}.Release|x86.Build.0 = Release|x86
		{FC9CA67D-6EA2-46AF-807A-C25B9259065A}.Debug|x86.ActiveCfg = Debug|x86
		{FC9CA67D-6EA2-46AF-807A-C25B9259065A}.Debug|x86.Build.0 = Debug|x86
		{FC9CA67D-6EA2-46AF-807A-C25B9259065A}.Release|x86.ActiveCfg = Release|x86
		{FC9CA67D-6EA2-46AF-807A-C25B9259065A}.Release|x86.Build.0 = Release|x86
		{FD6C3570-F64D-4A9C-AA12-EB47D4FB2104}.Debug|x86.ActiveCfg = Debug|x86
		{FD6C3570-F64D-4A9C-AA12-EB47D4FB2104}.Debug|x86.Build.0 = Debug|x86
		{FD6C3570-F64D-4A9C-AA12-EB47D4FB2104}.Release|x86.ActiveCfg = Release|x86
		{FD6C3570-F64D-4A9C-AA12-EB47D4FB2104}.Release|x86.Build.0 = Release|x86
		{A81C0259-A979-47F0-9F11-599793689AC6}.Debug|x86.ActiveCfg = Debug|x86
		{A81C0259-A979-47F0-9F11-599793689AC6}.Debug|x86.Build.0 = Debug|x86
		{A81C0259-A979-47F0-9F11-599793689AC6}.Release|x86.ActiveCfg = Release|x86
		{A81C0259-A979-47F0-9F11-599793689AC6}.Release|x86.Build.0 = Release|x86
		{F5F3F305-E18E-4422-B7F1-F71188D058FD}.Debug|x86.ActiveCfg = Debug|x86
		{F5F3F305-E18E-4422-B7F1-F71188D058FD}.Debug|x86.Build.0 = Debug|x86
		{F5F3F305-E18E-4422-B7F1-F71188D058FD}.Release|x86.ActiveCfg = Release|x86
		{F5F3F305-E18E-4422-B7F1-F71188D058FD}.Release|x86.Build.0 = Release|x86
		{50A4D14B-8821-4504-8126-544E147F4D5B}.Debug|x86.ActiveCfg = Debug|x86
		{50A4D14B-8821-4504-8126-544E147F4D5B}.Debug|x86.Build.0 = Debug|x86
		{50A4D14B-8821-4504-8126-544E147F4D5B}.Release|x86.ActiveCfg = Release|x86
		{50A4D14B-8821-4504-8126-544E147F4D5B}.Release|x86.Build.0 = Release|x86
		{46101352-AB52-467D-BB6A-2FE8A1929D21}.Debug|x86.ActiveCfg = Debug|x86
		{46101352-AB52-467D-BB6A-2FE8A1929D21}.Debug|x86.Build.0 = Debug|x86
		{46101352-AB52-467D-BB6A-2FE8A1929D21}.Release|x86.ActiveCfg = Release|x86
		{46101352-AB52-467D-BB6A-2FE8A1929D21}.Release|x86.Build.0 = Release|x86
		{5068A231-F949-49BD-8E14-7385F78596C5}.Debug|x86.ActiveCfg = Debug|x86
		{5068A231-F949-49BD-8E14-7385F78596C5}.Debug|x86.Build.0 = Debug|x86
		{5068A231-F949-49BD-8E14-7385F78596C5}.Release|x86.ActiveCfg = Release|x86
		{5068A231-F949-49BD-8E14-7385F78596C5}.Release|x86.Build.0 = Release|x86
		{9C6C762A-C1BF-4630-BED4-03D4B07790E7}.Debug|x86.ActiveCfg = Debug|x86
		{9C6C762A-C1BF-4630-BED4-03D4B07790E7}.Debug|x86.Build.0 = Debug|x86
		{9C6C762A-C1BF-4630-BED4-03D4B07790E7}.Release|x86.ActiveCfg = Release|x86
		{9C6C762A-C1BF-4630-BED4-03D4B07790E7}.Release|x86.Build.0 = Release|x86
		{07366931-0E9F-42CA-ADE2-610833B8F7C1}.Debug|x86.ActiveCfg = Debug|x86
		{07366931-0E9F-42CA-ADE2-610833B8F7C1}.Debug|x86.Build.0 = Debug|x86
		{07366931-0E9F-42CA-ADE2-610833B8F7C1}.Release|x86.ActiveCfg = Release|x86
		{07366931-0E9F-42CA-ADE2-610833B8F7C1}.Release|x86.Build.0 = Release|x86
		{6FCD8595-A707-4CC4-96D8-03F30AFD9052}.Debug|x86.ActiveCfg = Debug|x86
		{6FCD8595-A707-4CC4-96D8-03F30AFD9052}.Debug|x86.Build.0 = Debug|x86
		{6FCD8595-A707-4CC4-96D8-03F30AFD9052}.Release|x86.ActiveCfg = Release|x86
		{6FCD8595-A707-4CC4-96D8-03F30AFD9052}.Release|x86.Build.0 = Release|x86
		{F18DE59E-BBA4-4D41-B0B0-1EE3AD9F3978}.Debug|x86.ActiveCfg = Debug|x86
		{F18DE59E-BBA4-4D41-B0B0-1EE3AD9F3978}.Debug|x86.Build.0 = Debug|x86
		{F18DE59E-BBA4-4D41-B0B0-1EE3AD9F3978}.Release|x86.ActiveCfg = Release|x86
		{F18DE59E-BBA4-4D41-B0B0-1EE3AD9F3978}.Release|x86.Build.0 = Release|x86
		{1692FC94-EC70-44C5-B856-694648BAFA73}.Debug|x86.ActiveCfg = Debug|x86
		{1692FC94-EC70-44C5-B856-694648BAFA73}.Debug|x86.Build.0 = Debug|x86
		{1692FC94-EC70-44C5-B856-694648BAFA73}.Release|x86.ActiveCfg = Release|x86
		{1692FC94-EC70-44C5-B856-694648BAFA73}.Release|x86.Build.0 = Release|x86
		{34BCE76C-484C-487D-8D6B-D3B475974183}.Debug|x86.ActiveCfg = Debug|x86
		{34BCE76C-484C-487D-8D6B-D3B475974183}.Debug|x86.Build.0 = Debug|x86
		{34BCE76C-484C-487D-8D6B-D3B475974183}.Release|x86.ActiveCfg = Release|x86
		{34BCE76C-484C-487D-8D6B-D3B475974183}.Release|x86.Build.0 = Release|x86
		{0F3237A4-3DA2-40CC-924F-D2431376E3BA}.Debug|x86.ActiveCfg = Debug|x86
		{0F3237A4-3DA2-40CC-924F-D2431376E3BA}.Debug|x86.Build.0 = Debug|x86
		{0F3237A4-3DA2-40CC-924F-D2431376E3BA}.Release|x86.ActiveCfg = Release|x86
		{0F3237A4-3DA2-40CC-924F-D2431376E3BA}.Release|x86.Build.0 = Release|x86
		{7FA43270-5E4A-4C3E-B366-2476B21087CD}.Debug|x86.ActiveCfg = Debug|x86
		{7FA43270-5E4A-4C3E-B366-2476B21087CD}.Debug|x86.Build.0 = Debug|x86
		{7FA43270-5E4A-4C3E-B366-2476B21087CD}.Release|x86.ActiveCfg = Release|x86
		{7FA43270-5E4A-4C3E-B366-2476B21087CD}.Release|x86.Build.0 = Release|x86
		{E6A8DAFD-32B2-46F9-9750-A95C3DD225C7}.Debug|x86.ActiveCfg = Debug|x86
		{E6A8DAFD-32B2-46F9-9750-A95C3DD225C7}.Debug|x86.Build.0 = Debug|x86
		{E6A8DAFD-32B2-46F9-9750-A95C3DD225C7}.Release|x86.ActiveCfg = Release|x86
		{E6A8DAFD-32B2-46F9-9750-A95C3DD225C7}.Release|x86.Build.0 = Release|x86
		{DEEE4845-897D-41F4-925D-4720F6F1F986}.Debug|x86.ActiveCfg = Debug|x86
		{DEEE4845-897D-41F4-925D-4720F6F1F986}.Debug|x86.Build.0 = Debug|x86
		{DEEE4845-897D-41F4-925D-4720F6F1F986}.Release|x86.ActiveCfg = Release|x86
		{DEEE4845-897D-41F4-925D-4720F6F1F986}.Release|x86.Build.0 = Release|x86
		{478E62E0-F43B-4CAE-8363-A4AAD1943513}.Debug|x86.ActiveCfg = Debug|x86
		{478E62E0-F43B-4CAE-8363-A4AAD1943513}.Debug|x86.Build.0 = Debug|x86
		{478E62E0-F43B-4CAE-8363-A4AAD1943513}.Release|x86.ActiveCfg = Release|x86
		{478E62E0-F43B-4CAE-8363-A4AAD1943513}.Release|x86.Build.0 = Release|x86
		{4049789E-8C45-4BCA-AC3F-6135787D83D6}.Debug|x86.ActiveCfg = Debug|x86
		{4049789E-8C45-4BCA-AC3F-6135787D83D6}.Debug|x86.Build.0 = Debug|x86
		{4049789E-8C45-4BCA-AC3F-6135787D83D6}.Release|x86.ActiveCfg = Release|x86
		{4049789E-8C45-4BCA-AC3F-6135787D83D6}.Release|x86.Build.0 = Release|x86
	EndGlobalSection
	GlobalSection(SolutionProperties) = preSolution
		HideSolutionNode = FALSE
	EndGlobalSection
	GlobalSection(NestedProjects) = preSolution
		{B6881D31-4723-4A19-9E42-142D89526A4E} = {80043AE3-B2EB-432A-9F30-DFCAB8418602}
		{57392EDD-8264-4D36-B6E9-F82B6FAC459C} = {7BD3B155-BB73-40E0-8F9B-1CEED7DEA5FC}
		{49EEA3A8-50BB-4D47-858B-11C3C83A04F8} = {2BFFCEBD-D5ED-4412-96A2-8DC5386C8854}
		{B8C42917-287B-4B21-AFE9-9A121163ADB2} = {7BD3B155-BB73-40E0-8F9B-1CEED7DEA5FC}
		{FA7DBE95-8BD7-4169-82B2-8884CC31D6D0} = {7BD3B155-BB73-40E0-8F9B-1CEED7DEA5FC}
		{46AAC50E-53D2-40B6-A216-E2D0154F3BA2} = {7BD3B155-BB73-40E0-8F9B-1CEED7DEA5FC}
		{8BD0F4ED-A5A9-40FD-9343-B41299204193} = {7BD3B155-BB73-40E0-8F9B-1CEED7DEA5FC}
		{BCADAB9C-63D4-4A71-ADA1-98BE02EA9D33} = {7BD3B155-BB73-40E0-8F9B-1CEED7DEA5FC}
		{7B65E2D3-CC7F-44A7-B569-94B40DC97FF2} = {7BD3B155-BB73-40E0-8F9B-1CEED7DEA5FC}
		{2BFFCEBD-D5ED-4412-96A2-8DC5386C8854} = {7BD3B155-BB73-40E0-8F9B-1CEED7DEA5FC}
		{80043AE3-B2EB-432A-9F30-DFCAB8418602} = {8B469145-3612-44AF-84AE-B6AA6323F78F}
		{022856E4-7DCC-41A1-93FE-CCED10D1EBA3} = {80043AE3-B2EB-432A-9F30-DFCAB8418602}
		{FC9CA67D-6EA2-46AF-807A-C25B9259065A} = {7BD3B155-BB73-40E0-8F9B-1CEED7DEA5FC}
		{FD6C3570-F64D-4A9C-AA12-EB47D4FB2104} = {7BD3B155-BB73-40E0-8F9B-1CEED7DEA5FC}
		{A81C0259-A979-47F0-9F11-599793689AC6} = {B6881D31-4723-4A19-9E42-142D89526A4E}
		{2F0A8319-E2E4-4F62-B824-67FF94D9E242} = {8B469145-3612-44AF-84AE-B6AA6323F78F}
		{1796D826-37BD-4B45-BA28-0292A9B7A8D0} = {2F0A8319-E2E4-4F62-B824-67FF94D9E242}
		{F5F3F305-E18E-4422-B7F1-F71188D058FD} = {1796D826-37BD-4B45-BA28-0292A9B7A8D0}
		{50A4D14B-8821-4504-8126-544E147F4D5B} = {2F0A8319-E2E4-4F62-B824-67FF94D9E242}
		{46101352-AB52-467D-BB6A-2FE8A1929D21} = {2F0A8319-E2E4-4F62-B824-67FF94D9E242}
		{5068A231-F949-49BD-8E14-7385F78596C5} = {2F0A8319-E2E4-4F62-B824-67FF94D9E242}
		{9C6C762A-C1BF-4630-BED4-03D4B07790E7} = {2F0A8319-E2E4-4F62-B824-67FF94D9E242}
		{07366931-0E9F-42CA-ADE2-610833B8F7C1} = {2F0A8319-E2E4-4F62-B824-67FF94D9E242}
		{6FCD8595-A707-4CC4-96D8-03F30AFD9052} = {2F0A8319-E2E4-4F62-B824-67FF94D9E242}
		{F18DE59E-BBA4-4D41-B0B0-1EE3AD9F3978} = {2F0A8319-E2E4-4F62-B824-67FF94D9E242}
		{1692FC94-EC70-44C5-B856-694648BAFA73} = {2BFFCEBD-D5ED-4412-96A2-8DC5386C8854}
		{34BCE76C-484C-487D-8D6B-D3B475974183} = {80043AE3-B2EB-432A-9F30-DFCAB8418602}
		{0F3237A4-3DA2-40CC-924F-D2431376E3BA} = {80043AE3-B2EB-432A-9F30-DFCAB8418602}
		{7FA43270-5E4A-4C3E-B366-2476B21087CD} = {80043AE3-B2EB-432A-9F30-DFCAB8418602}
		{E6A8DAFD-32B2-46F9-9750-A95C3DD225C7} = {80043AE3-B2EB-432A-9F30-DFCAB8418602}
		{DEEE4845-897D-41F4-925D-4720F6F1F986} = {80043AE3-B2EB-432A-9F30-DFCAB8418602}
		{478E62E0-F43B-4CAE-8363-A4AAD1943513} = {80043AE3-B2EB-432A-9F30-DFCAB8418602}
		{4049789E-8C45-4BCA-AC3F-6135787D83D6} = {80043AE3-B2EB-432A-9F30-DFCAB8418602}
	EndGlobalSection
EndGlobal
