
Microsoft Visual Studio Solution File, Format Version 12.00
# Visual Studio 15
VisualStudioVersion = 15.0.26730.12
MinimumVisualStudioVersion = 10.0.40219.1
Project("{2150E333-8FDC-42A3-9474-1A3956D46DE8}") = "Tests", "Tests", "{B6881D31-4723-4A19-9E42-142D89526A4E}"
EndProject
Project("{2150E333-8FDC-42A3-9474-1A3956D46DE8}") = "Core", "Core", "{7BD3B155-BB73-40E0-8F9B-1CEED7DEA5FC}"
EndProject
Project("{FAE04EC0-301F-11D3-BF4B-00C04F79EFBC}") = "ImagingInterface", "Core\ImagingInterface\ImagingInterface.csproj", "{57392EDD-8264-4D36-B6E9-F82B6FAC459C}"
	ProjectSection(ProjectDependencies) = postProject
		{46101352-AB52-467D-BB6A-2FE8A1929D21} = {46101352-AB52-467D-BB6A-2FE8A1929D21}
		{6FCD8595-A707-4CC4-96D8-03F30AFD9052} = {6FCD8595-A707-4CC4-96D8-03F30AFD9052}
		{E6A8DAFD-32B2-46F9-9750-A95C3DD225C7} = {E6A8DAFD-32B2-46F9-9750-A95C3DD225C7}
	EndProjectSection
EndProject
Project("{FAE04EC0-301F-11D3-BF4B-00C04F79EFBC}") = "ImagingInterface.Controllers.Tests", "Core\Tests\ImagingInterface.Controllers.Tests\ImagingInterface.Controllers.Tests.csproj", "{49EEA3A8-50BB-4D47-858B-11C3C83A04F8}"
EndProject
Project("{FAE04EC0-301F-11D3-BF4B-00C04F79EFBC}") = "ImagingInterface.Controllers", "Core\ImagingInterface.Controllers\ImagingInterface.Controllers.csproj", "{B8C42917-287B-4B21-AFE9-9A121163ADB2}"
EndProject
Project("{2150E333-8FDC-42A3-9474-1A3956D46DE8}") = "Tests", "Tests", "{2BFFCEBD-D5ED-4412-96A2-8DC5386C8854}"
EndProject
Project("{2150E333-8FDC-42A3-9474-1A3956D46DE8}") = "Plugins", "Plugins", "{8B469145-3612-44AF-84AE-B6AA6323F78F}"
EndProject
Project("{2150E333-8FDC-42A3-9474-1A3956D46DE8}") = "ImageProcessing", "ImageProcessing", "{80043AE3-B2EB-432A-9F30-DFCAB8418602}"
EndProject
Project("{FAE04EC0-301F-11D3-BF4B-00C04F79EFBC}") = "ImagingInterface.Plugins.Interfaces", "Core\ImagingInterface.Plugins.Interfaces\ImagingInterface.Plugins.Interfaces.csproj", "{FD6C3570-F64D-4A9C-AA12-EB47D4FB2104}"
EndProject
Project("{FAE04EC0-301F-11D3-BF4B-00C04F79EFBC}") = "ImageProcessing.Controllers.Tests", "Plugins\ImageProcessing\Tests\ImageProcessing.Controllers.Tests\ImageProcessing.Controllers.Tests.csproj", "{A81C0259-A979-47F0-9F11-599793689AC6}"
EndProject
Project("{2150E333-8FDC-42A3-9474-1A3956D46DE8}") = "Video", "Video", "{2F0A8319-E2E4-4F62-B824-67FF94D9E242}"
EndProject
Project("{2150E333-8FDC-42A3-9474-1A3956D46DE8}") = "Tests", "Tests", "{1796D826-37BD-4B45-BA28-0292A9B7A8D0}"
EndProject
Project("{FAE04EC0-301F-11D3-BF4B-00C04F79EFBC}") = "Video.Controllers.Tests", "Plugins\Video\Tests\Video.Controllers.Tests\Video.Controllers.Tests.csproj", "{F5F3F305-E18E-4422-B7F1-F71188D058FD}"
EndProject
Project("{FAE04EC0-301F-11D3-BF4B-00C04F79EFBC}") = "Video.Controllers", "Plugins\Video\Controllers\Video.Controllers.csproj", "{46101352-AB52-467D-BB6A-2FE8A1929D21}"
EndProject
Project("{FAE04EC0-301F-11D3-BF4B-00C04F79EFBC}") = "Video.Views", "Plugins\Video\Views\Video.Views.csproj", "{6FCD8595-A707-4CC4-96D8-03F30AFD9052}"
EndProject
Project("{FAE04EC0-301F-11D3-BF4B-00C04F79EFBC}") = "ImageProcessing.Controllers", "Plugins\ImageProcessing\Controllers\ImageProcessing.Controllers.csproj", "{34BCE76C-484C-487D-8D6B-D3B475974183}"
EndProject
Project("{FAE04EC0-301F-11D3-BF4B-00C04F79EFBC}") = "ImageProcessing.Views", "Plugins\ImageProcessing\Views\ImageProcessing.Views.csproj", "{E6A8DAFD-32B2-46F9-9750-A95C3DD225C7}"
EndProject
Project("{FAE04EC0-301F-11D3-BF4B-00C04F79EFBC}") = "ImageProcessing.Cudafied", "Plugins\ImageProcessing\Cudafied\ImageProcessing.Cudafied.csproj", "{4049789E-8C45-4BCA-AC3F-6135787D83D6}"
EndProject
Project("{2150E333-8FDC-42A3-9474-1A3956D46DE8}") = ".nuget", ".nuget", "{B67611DA-06CF-4418-AA6D-61CF6FA9E24D}"
	ProjectSection(SolutionItems) = preProject
		.nuget\NuGet.Config = .nuget\NuGet.Config
		.nuget\NuGet.exe = .nuget\NuGet.exe
		.nuget\NuGet.targets = .nuget\NuGet.targets
	EndProjectSection
EndProject
Project("{FAE04EC0-301F-11D3-BF4B-00C04F79EFBC}") = "ImageProcessing.ObjectDetection", "Plugins\ImageProcessing\ObjectDetection\ImageProcessing.ObjectDetection.csproj", "{FED322AE-2F56-46A3-BABC-827DAF264E79}"
EndProject
Global
	GlobalSection(SolutionConfigurationPlatforms) = preSolution
		Debug|x64 = Debug|x64
		Debug|x86 = Debug|x86
		Release|x64 = Release|x64
		Release|x86 = Release|x86
	EndGlobalSection
	GlobalSection(ProjectConfigurationPlatforms) = postSolution
		{57392EDD-8264-4D36-B6E9-F82B6FAC459C}.Debug|x64.ActiveCfg = Debug|x64
		{57392EDD-8264-4D36-B6E9-F82B6FAC459C}.Debug|x64.Build.0 = Debug|x64
		{57392EDD-8264-4D36-B6E9-F82B6FAC459C}.Debug|x86.ActiveCfg = Debug|x86
		{57392EDD-8264-4D36-B6E9-F82B6FAC459C}.Debug|x86.Build.0 = Debug|x86
		{57392EDD-8264-4D36-B6E9-F82B6FAC459C}.Release|x64.ActiveCfg = Release|x64
		{57392EDD-8264-4D36-B6E9-F82B6FAC459C}.Release|x64.Build.0 = Release|x64
		{57392EDD-8264-4D36-B6E9-F82B6FAC459C}.Release|x86.ActiveCfg = Release|x86
		{57392EDD-8264-4D36-B6E9-F82B6FAC459C}.Release|x86.Build.0 = Release|x86
		{49EEA3A8-50BB-4D47-858B-11C3C83A04F8}.Debug|x64.ActiveCfg = Debug|x64
		{49EEA3A8-50BB-4D47-858B-11C3C83A04F8}.Debug|x64.Build.0 = Debug|x64
		{49EEA3A8-50BB-4D47-858B-11C3C83A04F8}.Debug|x86.ActiveCfg = Debug|x86
		{49EEA3A8-50BB-4D47-858B-11C3C83A04F8}.Debug|x86.Build.0 = Debug|x86
		{49EEA3A8-50BB-4D47-858B-11C3C83A04F8}.Release|x64.ActiveCfg = Release|x64
		{49EEA3A8-50BB-4D47-858B-11C3C83A04F8}.Release|x64.Build.0 = Release|x64
		{49EEA3A8-50BB-4D47-858B-11C3C83A04F8}.Release|x86.ActiveCfg = Release|x86
		{49EEA3A8-50BB-4D47-858B-11C3C83A04F8}.Release|x86.Build.0 = Release|x86
		{B8C42917-287B-4B21-AFE9-9A121163ADB2}.Debug|x64.ActiveCfg = Debug|x64
		{B8C42917-287B-4B21-AFE9-9A121163ADB2}.Debug|x64.Build.0 = Debug|x64
		{B8C42917-287B-4B21-AFE9-9A121163ADB2}.Debug|x86.ActiveCfg = Debug|x86
		{B8C42917-287B-4B21-AFE9-9A121163ADB2}.Debug|x86.Build.0 = Debug|x86
		{B8C42917-287B-4B21-AFE9-9A121163ADB2}.Release|x64.ActiveCfg = Release|x64
		{B8C42917-287B-4B21-AFE9-9A121163ADB2}.Release|x64.Build.0 = Release|x64
		{B8C42917-287B-4B21-AFE9-9A121163ADB2}.Release|x86.ActiveCfg = Release|x86
		{B8C42917-287B-4B21-AFE9-9A121163ADB2}.Release|x86.Build.0 = Release|x86
		{FD6C3570-F64D-4A9C-AA12-EB47D4FB2104}.Debug|x64.ActiveCfg = Debug|x64
		{FD6C3570-F64D-4A9C-AA12-EB47D4FB2104}.Debug|x64.Build.0 = Debug|x64
		{FD6C3570-F64D-4A9C-AA12-EB47D4FB2104}.Debug|x86.ActiveCfg = Debug|x86
		{FD6C3570-F64D-4A9C-AA12-EB47D4FB2104}.Debug|x86.Build.0 = Debug|x86
		{FD6C3570-F64D-4A9C-AA12-EB47D4FB2104}.Release|x64.ActiveCfg = Release|x64
		{FD6C3570-F64D-4A9C-AA12-EB47D4FB2104}.Release|x64.Build.0 = Release|x64
		{FD6C3570-F64D-4A9C-AA12-EB47D4FB2104}.Release|x86.ActiveCfg = Release|x86
		{FD6C3570-F64D-4A9C-AA12-EB47D4FB2104}.Release|x86.Build.0 = Release|x86
		{A81C0259-A979-47F0-9F11-599793689AC6}.Debug|x64.ActiveCfg = Debug|x64
		{A81C0259-A979-47F0-9F11-599793689AC6}.Debug|x64.Build.0 = Debug|x64
		{A81C0259-A979-47F0-9F11-599793689AC6}.Debug|x86.ActiveCfg = Debug|x86
		{A81C0259-A979-47F0-9F11-599793689AC6}.Debug|x86.Build.0 = Debug|x86
		{A81C0259-A979-47F0-9F11-599793689AC6}.Release|x64.ActiveCfg = Release|x64
		{A81C0259-A979-47F0-9F11-599793689AC6}.Release|x64.Build.0 = Release|x64
		{A81C0259-A979-47F0-9F11-599793689AC6}.Release|x86.ActiveCfg = Release|x86
		{A81C0259-A979-47F0-9F11-599793689AC6}.Release|x86.Build.0 = Release|x86
		{F5F3F305-E18E-4422-B7F1-F71188D058FD}.Debug|x64.ActiveCfg = Debug|x64
		{F5F3F305-E18E-4422-B7F1-F71188D058FD}.Debug|x64.Build.0 = Debug|x64
		{F5F3F305-E18E-4422-B7F1-F71188D058FD}.Debug|x86.ActiveCfg = Debug|x86
		{F5F3F305-E18E-4422-B7F1-F71188D058FD}.Debug|x86.Build.0 = Debug|x86
		{F5F3F305-E18E-4422-B7F1-F71188D058FD}.Release|x64.ActiveCfg = Release|x64
		{F5F3F305-E18E-4422-B7F1-F71188D058FD}.Release|x64.Build.0 = Release|x64
		{F5F3F305-E18E-4422-B7F1-F71188D058FD}.Release|x86.ActiveCfg = Release|x86
		{F5F3F305-E18E-4422-B7F1-F71188D058FD}.Release|x86.Build.0 = Release|x86
		{46101352-AB52-467D-BB6A-2FE8A1929D21}.Debug|x64.ActiveCfg = Debug|x64
		{46101352-AB52-467D-BB6A-2FE8A1929D21}.Debug|x64.Build.0 = Debug|x64
		{46101352-AB52-467D-BB6A-2FE8A1929D21}.Debug|x86.ActiveCfg = Debug|x86
		{46101352-AB52-467D-BB6A-2FE8A1929D21}.Debug|x86.Build.0 = Debug|x86
		{46101352-AB52-467D-BB6A-2FE8A1929D21}.Release|x64.ActiveCfg = Release|x64
		{46101352-AB52-467D-BB6A-2FE8A1929D21}.Release|x64.Build.0 = Release|x64
		{46101352-AB52-467D-BB6A-2FE8A1929D21}.Release|x86.ActiveCfg = Release|x86
		{46101352-AB52-467D-BB6A-2FE8A1929D21}.Release|x86.Build.0 = Release|x86
		{6FCD8595-A707-4CC4-96D8-03F30AFD9052}.Debug|x64.ActiveCfg = Debug|x64
		{6FCD8595-A707-4CC4-96D8-03F30AFD9052}.Debug|x64.Build.0 = Debug|x64
		{6FCD8595-A707-4CC4-96D8-03F30AFD9052}.Debug|x86.ActiveCfg = Debug|x86
		{6FCD8595-A707-4CC4-96D8-03F30AFD9052}.Debug|x86.Build.0 = Debug|x86
		{6FCD8595-A707-4CC4-96D8-03F30AFD9052}.Release|x64.ActiveCfg = Release|x64
		{6FCD8595-A707-4CC4-96D8-03F30AFD9052}.Release|x64.Build.0 = Release|x64
		{6FCD8595-A707-4CC4-96D8-03F30AFD9052}.Release|x86.ActiveCfg = Release|x86
		{6FCD8595-A707-4CC4-96D8-03F30AFD9052}.Release|x86.Build.0 = Release|x86
		{34BCE76C-484C-487D-8D6B-D3B475974183}.Debug|x64.ActiveCfg = Debug|x64
		{34BCE76C-484C-487D-8D6B-D3B475974183}.Debug|x64.Build.0 = Debug|x64
		{34BCE76C-484C-487D-8D6B-D3B475974183}.Debug|x86.ActiveCfg = Debug|x86
		{34BCE76C-484C-487D-8D6B-D3B475974183}.Debug|x86.Build.0 = Debug|x86
		{34BCE76C-484C-487D-8D6B-D3B475974183}.Release|x64.ActiveCfg = Release|x64
		{34BCE76C-484C-487D-8D6B-D3B475974183}.Release|x64.Build.0 = Release|x64
		{34BCE76C-484C-487D-8D6B-D3B475974183}.Release|x86.ActiveCfg = Release|x86
		{34BCE76C-484C-487D-8D6B-D3B475974183}.Release|x86.Build.0 = Release|x86
		{E6A8DAFD-32B2-46F9-9750-A95C3DD225C7}.Debug|x64.ActiveCfg = Debug|x64
		{E6A8DAFD-32B2-46F9-9750-A95C3DD225C7}.Debug|x64.Build.0 = Debug|x64
		{E6A8DAFD-32B2-46F9-9750-A95C3DD225C7}.Debug|x86.ActiveCfg = Debug|x86
		{E6A8DAFD-32B2-46F9-9750-A95C3DD225C7}.Debug|x86.Build.0 = Debug|x86
		{E6A8DAFD-32B2-46F9-9750-A95C3DD225C7}.Release|x64.ActiveCfg = Release|x64
		{E6A8DAFD-32B2-46F9-9750-A95C3DD225C7}.Release|x64.Build.0 = Release|x64
		{E6A8DAFD-32B2-46F9-9750-A95C3DD225C7}.Release|x86.ActiveCfg = Release|x86
		{E6A8DAFD-32B2-46F9-9750-A95C3DD225C7}.Release|x86.Build.0 = Release|x86
		{4049789E-8C45-4BCA-AC3F-6135787D83D6}.Debug|x64.ActiveCfg = Debug|x64
		{4049789E-8C45-4BCA-AC3F-6135787D83D6}.Debug|x64.Build.0 = Debug|x64
		{4049789E-8C45-4BCA-AC3F-6135787D83D6}.Debug|x86.ActiveCfg = Debug|x86
		{4049789E-8C45-4BCA-AC3F-6135787D83D6}.Debug|x86.Build.0 = Debug|x86
		{4049789E-8C45-4BCA-AC3F-6135787D83D6}.Release|x64.ActiveCfg = Release|x64
		{4049789E-8C45-4BCA-AC3F-6135787D83D6}.Release|x64.Build.0 = Release|x64
		{4049789E-8C45-4BCA-AC3F-6135787D83D6}.Release|x86.ActiveCfg = Release|x86
		{4049789E-8C45-4BCA-AC3F-6135787D83D6}.Release|x86.Build.0 = Release|x86
		{FED322AE-2F56-46A3-BABC-827DAF264E79}.Debug|x64.ActiveCfg = Debug|x64
		{FED322AE-2F56-46A3-BABC-827DAF264E79}.Debug|x64.Build.0 = Debug|x64
		{FED322AE-2F56-46A3-BABC-827DAF264E79}.Debug|x86.ActiveCfg = Debug|x86
		{FED322AE-2F56-46A3-BABC-827DAF264E79}.Debug|x86.Build.0 = Debug|x86
		{FED322AE-2F56-46A3-BABC-827DAF264E79}.Release|x64.ActiveCfg = Release|x64
		{FED322AE-2F56-46A3-BABC-827DAF264E79}.Release|x64.Build.0 = Release|x64
		{FED322AE-2F56-46A3-BABC-827DAF264E79}.Release|x86.ActiveCfg = Release|x86
		{FED322AE-2F56-46A3-BABC-827DAF264E79}.Release|x86.Build.0 = Release|x86
	EndGlobalSection
	GlobalSection(SolutionProperties) = preSolution
		HideSolutionNode = FALSE
	EndGlobalSection
	GlobalSection(NestedProjects) = preSolution
		{B6881D31-4723-4A19-9E42-142D89526A4E} = {80043AE3-B2EB-432A-9F30-DFCAB8418602}
		{57392EDD-8264-4D36-B6E9-F82B6FAC459C} = {7BD3B155-BB73-40E0-8F9B-1CEED7DEA5FC}
		{49EEA3A8-50BB-4D47-858B-11C3C83A04F8} = {2BFFCEBD-D5ED-4412-96A2-8DC5386C8854}
		{B8C42917-287B-4B21-AFE9-9A121163ADB2} = {7BD3B155-BB73-40E0-8F9B-1CEED7DEA5FC}
		{2BFFCEBD-D5ED-4412-96A2-8DC5386C8854} = {7BD3B155-BB73-40E0-8F9B-1CEED7DEA5FC}
		{80043AE3-B2EB-432A-9F30-DFCAB8418602} = {8B469145-3612-44AF-84AE-B6AA6323F78F}
		{FD6C3570-F64D-4A9C-AA12-EB47D4FB2104} = {7BD3B155-BB73-40E0-8F9B-1CEED7DEA5FC}
		{A81C0259-A979-47F0-9F11-599793689AC6} = {B6881D31-4723-4A19-9E42-142D89526A4E}
		{2F0A8319-E2E4-4F62-B824-67FF94D9E242} = {8B469145-3612-44AF-84AE-B6AA6323F78F}
		{1796D826-37BD-4B45-BA28-0292A9B7A8D0} = {2F0A8319-E2E4-4F62-B824-67FF94D9E242}
		{F5F3F305-E18E-4422-B7F1-F71188D058FD} = {1796D826-37BD-4B45-BA28-0292A9B7A8D0}
		{46101352-AB52-467D-BB6A-2FE8A1929D21} = {2F0A8319-E2E4-4F62-B824-67FF94D9E242}
		{6FCD8595-A707-4CC4-96D8-03F30AFD9052} = {2F0A8319-E2E4-4F62-B824-67FF94D9E242}
		{34BCE76C-484C-487D-8D6B-D3B475974183} = {80043AE3-B2EB-432A-9F30-DFCAB8418602}
		{E6A8DAFD-32B2-46F9-9750-A95C3DD225C7} = {80043AE3-B2EB-432A-9F30-DFCAB8418602}
		{4049789E-8C45-4BCA-AC3F-6135787D83D6} = {80043AE3-B2EB-432A-9F30-DFCAB8418602}
		{FED322AE-2F56-46A3-BABC-827DAF264E79} = {80043AE3-B2EB-432A-9F30-DFCAB8418602}
	EndGlobalSection
	GlobalSection(ExtensibilityGlobals) = postSolution
		SolutionGuid = {228037BB-651B-45AC-A28D-B9A709C9069E}
	EndGlobalSection
EndGlobal
